
Microsoft Visual Studio Solution File, Format Version 12.00
# Visual Studio 2013
VisualStudioVersion = 12.0.40629.0
MinimumVisualStudioVersion = 10.0.40219.1
Project("{FAE04EC0-301F-11D3-BF4B-00C04F79EFBC}") = "ShareWay.Web", "ShareWay.Web\ShareWay.Web.csproj", "{544DDD4A-FD7F-4C44-94FE-E420DA0DD3BB}"
EndProject
Project("{FAE04EC0-301F-11D3-BF4B-00C04F79EFBC}") = "ShareWay.Web.Tests", "ShareWay.Web.Tests\ShareWay.Web.Tests.csproj", "{EEA16B59-B2AC-4902-9A7C-5D378144EC0C}"
EndProject
Global
	GlobalSection(SolutionConfigurationPlatforms) = preSolution
		Debug|Any CPU = Debug|Any CPU
		Release|Any CPU = Release|Any CPU
	EndGlobalSection
	GlobalSection(ProjectConfigurationPlatforms) = postSolution
		{544DDD4A-FD7F-4C44-94FE-E420DA0DD3BB}.Debug|Any CPU.ActiveCfg = Debug|Any CPU
		{544DDD4A-FD7F-4C44-94FE-E420DA0DD3BB}.Debug|Any CPU.Build.0 = Debug|Any CPU
		{544DDD4A-FD7F-4C44-94FE-E420DA0DD3BB}.Release|Any CPU.ActiveCfg = Release|Any CPU
		{544DDD4A-FD7F-4C44-94FE-E420DA0DD3BB}.Release|Any CPU.Build.0 = Release|Any CPU
		{EEA16B59-B2AC-4902-9A7C-5D378144EC0C}.Debug|Any CPU.ActiveCfg = Debug|Any CPU
		{EEA16B59-B2AC-4902-9A7C-5D378144EC0C}.Debug|Any CPU.Build.0 = Debug|Any CPU
		{EEA16B59-B2AC-4902-9A7C-5D378144EC0C}.Release|Any CPU.ActiveCfg = Release|Any CPU
		{EEA16B59-B2AC-4902-9A7C-5D378144EC0C}.Release|Any CPU.Build.0 = Release|Any CPU
	EndGlobalSection
	GlobalSection(SolutionProperties) = preSolution
		HideSolutionNode = FALSE
	EndGlobalSection
EndGlobal
